
Microsoft Visual Studio Solution File, Format Version 12.00
# Visual Studio Version 17
VisualStudioVersion = 17.14.36221.1 d17.14
MinimumVisualStudioVersion = 10.0.40219.1
Project("{FAE04EC0-301F-11D3-BF4B-00C04F79EFBC}") = "WebApplication1", "WebApplication1\WebApplication1.csproj", "{F3FAC32A-6BEA-4E6B-8D6D-FBCFB74A3B6C}"
EndProject
Global
	GlobalSection(SolutionConfigurationPlatforms) = preSolution
		Debug|Any CPU = Debug|Any CPU
		Release|Any CPU = Release|Any CPU
	EndGlobalSection
	GlobalSection(ProjectConfigurationPlatforms) = postSolution
		{F3FAC32A-6BEA-4E6B-8D6D-FBCFB74A3B6C}.Debug|Any CPU.ActiveCfg = Debug|Any CPU
		{F3FAC32A-6BEA-4E6B-8D6D-FBCFB74A3B6C}.Debug|Any CPU.Build.0 = Debug|Any CPU
		{F3FAC32A-6BEA-4E6B-8D6D-FBCFB74A3B6C}.Release|Any CPU.ActiveCfg = Release|Any CPU
		{F3FAC32A-6BEA-4E6B-8D6D-FBCFB74A3B6C}.Release|Any CPU.Build.0 = Release|Any CPU
	EndGlobalSection
	GlobalSection(SolutionProperties) = preSolution
		HideSolutionNode = FALSE
	EndGlobalSection
	GlobalSection(ExtensibilityGlobals) = postSolution
		SolutionGuid = {EEEDDBC6-8EA4-4DE7-9DC5-80C0ECD3316C}
	EndGlobalSection
EndGlobal
